
Microsoft Visual Studio Solution File, Format Version 12.00
# Visual Studio Version 17
VisualStudioVersion = 17.9.34728.123
MinimumVisualStudioVersion = 10.0.40219.1
Project("{FAE04EC0-301F-11D3-BF4B-00C04F79EFBC}") = "CumulativeProject3", "CumulativeProject3.csproj", "{3BCAD277-BA32-4662-954E-90CA80D0C452}"
EndProject
Global
	GlobalSection(SolutionConfigurationPlatforms) = preSolution
		Debug|Any CPU = Debug|Any CPU
		Release|Any CPU = Release|Any CPU
	EndGlobalSection
	GlobalSection(ProjectConfigurationPlatforms) = postSolution
		{3BCAD277-BA32-4662-954E-90CA80D0C452}.Debug|Any CPU.ActiveCfg = Debug|Any CPU
		{3BCAD277-BA32-4662-954E-90CA80D0C452}.Debug|Any CPU.Build.0 = Debug|Any CPU
		{3BCAD277-BA32-4662-954E-90CA80D0C452}.Release|Any CPU.ActiveCfg = Release|Any CPU
		{3BCAD277-BA32-4662-954E-90CA80D0C452}.Release|Any CPU.Build.0 = Release|Any CPU
	EndGlobalSection
	GlobalSection(SolutionProperties) = preSolution
		HideSolutionNode = FALSE
	EndGlobalSection
	GlobalSection(ExtensibilityGlobals) = postSolution
		SolutionGuid = {9C2B15EA-7A29-4823-AE85-A11B30C05CD1}
	EndGlobalSection
EndGlobal
